github.com/HdrHistogram/hdrhistogram-go v1.4.0 h1:JdU0squ73hT0G45GVKzZ8KXS8ImiFuPHAA36aWaCfMM=
github.com/HdrHistogram/hdrhistogram-go v1.4.0/go.mod h1:CiIeGiHSd06zjX+FypuEJ5EQ07KKtxZ+8J6hszwVQig=
github.com/google/go-cmp v0.7.0 h1:wk8382ETsv4JYUZwIsn6YpYiWiBsYLSJiTsyBybVuN8=
github.com/google/go-cmp v0.7.0/go.mod h1:pXiqmnSA92OHEEa9HXL2W4E7lf9JzCmGVUdgjX3N/iU=
github.com/gorilla/websocket v1.5.3 h1:saDtZ6Pbx/0u+bgYQ3q96pZgCzfhKXGPqt7kZ72aNNg=
github.com/gorilla/websocket v1.5.3/go.mod h1:YR8l580nyteQvAITg2hZ9XVh4b55+EU/adAjf1fMHhE=
github.com/gravitational/trace v1.5.4 h1:nMmF7alwvNiQJhC817Hhmgm95bzKOXbnxvkickTkRDY=
github.com/gravitational/trace v1.5.4/go.mod h1:/uCbC3ukVU8Pdrh8+3vNLyyE1aGheBWpGGrMnwIK80E=
github.com/mailgun/multibuf v0.2.0 h1:pGhv93r0GXBVTDu6RMlA9GUQjwwoy4yspIujtaT0AOA=
github.com/mailgun/multibuf v0.2.0/go.mod h1:E+sUhIy69qgT6EM57kCPdUTlHnjTuxQBO/yf6af9Hes=
github.com/segmentio/fasthash v1.0.3 h1:EI9+KE1EwvMLBWwjpRDc+fEM+prwxDYbslddQGtrmhM=
github.com/segmentio/fasthash v1.0.3/go.mod h1:waKX8l2N8yckOgmSsXJi7x1ZfdKZ4x7KRMzBtS3oedY=
github.com/stretchr/testify v1.12.1 h1:EuwCh5fleGS7H32xRwO3wRGT7DxrDhLAT6FF8MpWDWE=
github.com/stretchr/testify v1.12.1/go.mod h1:MDEgiDPPsNp5cuIrHPPCyornHKgEVbtFUmoNlxoYthg=
github.com/vulcand/predicate v1.3.0 h1:jtNe4PHbLJ649dR7Gl+MSAzUhLGtLspAkWlSjoOiXg8=
github.com/vulcand/predicate v1.3.0/go.mod h1:opzv9MetRuMNnuoPeTSWtwzjcXsxQC00/fuWzkPTn4s=
go.yaml.in/yaml/v3 v3.0.5 h1:N6y/pJk8buWs9NY5ERU2HSMfm+IuD/OtfdAnq6kESPw=
go.yaml.in/yaml/v3 v3.0.5/go.mod h1:HVTZu1O7/Vkt2N+BFy8Zza+lnLsABggaTM2ZpNIGuKg=
golang.org/x/net v0.58.0 h1:ynWG7rqYi4ccpTEuPZ2QGWHktVEM9DMCj9yzDE0Q7To=
golang.org/x/net v0.58.0/go.mod h1:YwCddHnFlT7eLQqVprV19OnhLGtc5xOKgE0RyqgfWAU=
gonum.org/v1/gonum v0.16.0 h1:5+ul4Swaf3ESvrOnidPp4GZbzf0mxVQpDCYUQE7OJfk=
gonum.org/v1/gonum v0.16.0/go.mod h1:fef3am4MQ93R2HHpKnLk4/Tbh/s0+wqD5nfa6Pnwy4E=
